
Microsoft Visual Studio Solution File, Format Version 12.00
# Visual Studio Express 2012 for Web
Project("{FAE04EC0-301F-11D3-BF4B-00C04F79EFBC}") = "ToDo_Test_Project", "ToDo_Test_Project\ToDo_Test_Project.csproj", "{FF966C63-FECB-4F9B-9A40-2CB7EFBFD02C}"
EndProject
Global
	GlobalSection(SolutionConfigurationPlatforms) = preSolution
		Debug|Any CPU = Debug|Any CPU
		Release|Any CPU = Release|Any CPU
	EndGlobalSection
	GlobalSection(ProjectConfigurationPlatforms) = postSolution
		{FF966C63-FECB-4F9B-9A40-2CB7EFBFD02C}.Debug|Any CPU.ActiveCfg = Debug|Any CPU
		{FF966C63-FECB-4F9B-9A40-2CB7EFBFD02C}.Debug|Any CPU.Build.0 = Debug|Any CPU
		{FF966C63-FECB-4F9B-9A40-2CB7EFBFD02C}.Release|Any CPU.ActiveCfg = Release|Any CPU
		{FF966C63-FECB-4F9B-9A40-2CB7EFBFD02C}.Release|Any CPU.Build.0 = Release|Any CPU
	EndGlobalSection
	GlobalSection(SolutionProperties) = preSolution
		HideSolutionNode = FALSE
	EndGlobalSection
EndGlobal
